
Microsoft Visual Studio Solution File, Format Version 12.00
# Visual Studio Version 17
VisualStudioVersion = 17.5.33516.290
MinimumVisualStudioVersion = 10.0.40219.1
Project("{FAE04EC0-301F-11D3-BF4B-00C04F79EFBC}") = "try", "try.csproj", "{427486E1-92B4-4860-A3AD-F1711A93651C}"
EndProject
Global
	GlobalSection(SolutionConfigurationPlatforms) = preSolution
		Debug|Any CPU = Debug|Any CPU
		Release|Any CPU = Release|Any CPU
	EndGlobalSection
	GlobalSection(ProjectConfigurationPlatforms) = postSolution
		{427486E1-92B4-4860-A3AD-F1711A93651C}.Debug|Any CPU.ActiveCfg = Debug|Any CPU
		{427486E1-92B4-4860-A3AD-F1711A93651C}.Debug|Any CPU.Build.0 = Debug|Any CPU
		{427486E1-92B4-4860-A3AD-F1711A93651C}.Release|Any CPU.ActiveCfg = Release|Any CPU
		{427486E1-92B4-4860-A3AD-F1711A93651C}.Release|Any CPU.Build.0 = Release|Any CPU
	EndGlobalSection
	GlobalSection(SolutionProperties) = preSolution
		HideSolutionNode = FALSE
	EndGlobalSection
	GlobalSection(ExtensibilityGlobals) = postSolution
		SolutionGuid = {8AA95322-2CA7-4EDA-83A8-6766872BA696}
	EndGlobalSection
EndGlobal
